
Microsoft Visual Studio Solution File, Format Version 12.00
# Visual Studio 2017
Project("{FAE04EC0-301F-11D3-BF4B-00C04F79EFBC}") = "Deviation_Prototype", "Deviation_Prototype.csproj", "{EC435B17-1CEB-AE6D-1D35-A5E1C7DFD18F}"
EndProject
Global
	GlobalSection(SolutionConfigurationPlatforms) = preSolution
		Debug|Any CPU = Debug|Any CPU
		Release|Any CPU = Release|Any CPU
	EndGlobalSection
	GlobalSection(ProjectConfigurationPlatforms) = postSolution
		{EC435B17-1CEB-AE6D-1D35-A5E1C7DFD18F}.Debug|Any CPU.ActiveCfg = Debug|Any CPU
		{EC435B17-1CEB-AE6D-1D35-A5E1C7DFD18F}.Debug|Any CPU.Build.0 = Debug|Any CPU
		{EC435B17-1CEB-AE6D-1D35-A5E1C7DFD18F}.Release|Any CPU.ActiveCfg = Release|Any CPU
		{EC435B17-1CEB-AE6D-1D35-A5E1C7DFD18F}.Release|Any CPU.Build.0 = Release|Any CPU
	EndGlobalSection
	GlobalSection(SolutionProperties) = preSolution
		HideSolutionNode = FALSE
	EndGlobalSection
EndGlobal
